
Microsoft Visual Studio Solution File, Format Version 12.00
# Visual Studio 15
VisualStudioVersion = 15.0.28307.852
MinimumVisualStudioVersion = 10.0.40219.1
Project("{8BC9CEB8-8B4A-11D0-8D11-00A0C91BC942}") = "Lab0", "Lab0\Lab0.vcxproj", "{A0C196F4-FEB6-4EF8-A9DC-D315E4C00003}"
EndProject
Global
	GlobalSection(SolutionConfigurationPlatforms) = preSolution
		Debug|x64 = Debug|x64
		Debug|x86 = Debug|x86
		Release|x64 = Release|x64
		Release|x86 = Release|x86
	EndGlobalSection
	GlobalSection(ProjectConfigurationPlatforms) = postSolution
		{A0C196F4-FEB6-4EF8-A9DC-D315E4C00003}.Debug|x64.ActiveCfg = Debug|x64
		{A0C196F4-FEB6-4EF8-A9DC-D315E4C00003}.Debug|x64.Build.0 = Debug|x64
		{A0C196F4-FEB6-4EF8-A9DC-D315E4C00003}.Debug|x86.ActiveCfg = Debug|Win32
		{A0C196F4-FEB6-4EF8-A9DC-D315E4C00003}.Debug|x86.Build.0 = Debug|Win32
		{A0C196F4-FEB6-4EF8-A9DC-D315E4C00003}.Release|x64.ActiveCfg = Release|x64
		{A0C196F4-FEB6-4EF8-A9DC-D315E4C00003}.Release|x64.Build.0 = Release|x64
		{A0C196F4-FEB6-4EF8-A9DC-D315E4C00003}.Release|x86.ActiveCfg = Release|Win32
		{A0C196F4-FEB6-4EF8-A9DC-D315E4C00003}.Release|x86.Build.0 = Release|Win32
	EndGlobalSection
	GlobalSection(SolutionProperties) = preSolution
		HideSolutionNode = FALSE
	EndGlobalSection
	GlobalSection(ExtensibilityGlobals) = postSolution
		SolutionGuid = {7B8B4200-18A3-4C8E-89CD-1E214EBB6B61}
	EndGlobalSection
EndGlobal
